
Microsoft Visual Studio Solution File, Format Version 12.00
# Visual Studio Version 17
VisualStudioVersion = 17.8.34525.116
MinimumVisualStudioVersion = 10.0.40219.1
Project("{FAE04EC0-301F-11D3-BF4B-00C04F79EFBC}") = "OptixAPI", "OptixAPI\OptixAPI.csproj", "{1DDD7C5E-D19A-4A95-A5EA-FAF2F0976698}"
EndProject
Project("{FAE04EC0-301F-11D3-BF4B-00C04F79EFBC}") = "OptixAPIUnitTests", "OptixAPIUnitTests\OptixAPIUnitTests.csproj", "{00E619AD-7B92-4177-AE30-C889D2EA2FBA}"
EndProject
Global
	GlobalSection(SolutionConfigurationPlatforms) = preSolution
		Debug|Any CPU = Debug|Any CPU
		Release|Any CPU = Release|Any CPU
	EndGlobalSection
	GlobalSection(ProjectConfigurationPlatforms) = postSolution
		{1DDD7C5E-D19A-4A95-A5EA-FAF2F0976698}.Debug|Any CPU.ActiveCfg = Debug|Any CPU
		{1DDD7C5E-D19A-4A95-A5EA-FAF2F0976698}.Debug|Any CPU.Build.0 = Debug|Any CPU
		{1DDD7C5E-D19A-4A95-A5EA-FAF2F0976698}.Release|Any CPU.ActiveCfg = Release|Any CPU
		{1DDD7C5E-D19A-4A95-A5EA-FAF2F0976698}.Release|Any CPU.Build.0 = Release|Any CPU
		{00E619AD-7B92-4177-AE30-C889D2EA2FBA}.Debug|Any CPU.ActiveCfg = Debug|Any CPU
		{00E619AD-7B92-4177-AE30-C889D2EA2FBA}.Debug|Any CPU.Build.0 = Debug|Any CPU
		{00E619AD-7B92-4177-AE30-C889D2EA2FBA}.Release|Any CPU.ActiveCfg = Release|Any CPU
		{00E619AD-7B92-4177-AE30-C889D2EA2FBA}.Release|Any CPU.Build.0 = Release|Any CPU
	EndGlobalSection
	GlobalSection(SolutionProperties) = preSolution
		HideSolutionNode = FALSE
	EndGlobalSection
	GlobalSection(ExtensibilityGlobals) = postSolution
		SolutionGuid = {87F13D4F-8733-449C-9441-B52171D5E92B}
	EndGlobalSection
EndGlobal
